
Microsoft Visual Studio Solution File, Format Version 12.00
# Visual Studio 15
VisualStudioVersion = 15.0.26228.12
MinimumVisualStudioVersion = 10.0.40219.1
Project("{FAE04EC0-301F-11D3-BF4B-00C04F79EFBC}") = "DoLess.Bindings.Pcl", "DoLess.Bindings.Pcl\DoLess.Bindings.Pcl.csproj", "{60164BDF-59BF-4648-9561-0B798882AE5F}"
EndProject
Project("{D954291E-2A0B-460D-934E-DC6B0785DB48}") = "DoLess.Bindings.Shared", "DoLess.Bindings.Shared\DoLess.Bindings.Shared.shproj", "{F0B6402C-AA96-413E-B8F2-3E03BCC4C415}"
EndProject
Project("{FAE04EC0-301F-11D3-BF4B-00C04F79EFBC}") = "DoLess.Bindings.NetStandard", "DoLess.Bindings.NetStandard\DoLess.Bindings.NetStandard.csproj", "{6ED977B2-8E7F-475D-B3AE-959C4344F45E}"
EndProject
Global
	GlobalSection(SharedMSBuildProjectFiles) = preSolution
		DoLess.Bindings.Shared\DoLess.Bindings.Shared.projitems*{60164bdf-59bf-4648-9561-0b798882ae5f}*SharedItemsImports = 4
		DoLess.Bindings.Shared\DoLess.Bindings.Shared.projitems*{f0b6402c-aa96-413e-b8f2-3e03bcc4c415}*SharedItemsImports = 13
	EndGlobalSection
	GlobalSection(SolutionConfigurationPlatforms) = preSolution
		Debug|Any CPU = Debug|Any CPU
		Release|Any CPU = Release|Any CPU
	EndGlobalSection
	GlobalSection(ProjectConfigurationPlatforms) = postSolution
		{60164BDF-59BF-4648-9561-0B798882AE5F}.Debug|Any CPU.ActiveCfg = Debug|Any CPU
		{60164BDF-59BF-4648-9561-0B798882AE5F}.Debug|Any CPU.Build.0 = Debug|Any CPU
		{60164BDF-59BF-4648-9561-0B798882AE5F}.Release|Any CPU.ActiveCfg = Release|Any CPU
		{60164BDF-59BF-4648-9561-0B798882AE5F}.Release|Any CPU.Build.0 = Release|Any CPU
		{6ED977B2-8E7F-475D-B3AE-959C4344F45E}.Debug|Any CPU.ActiveCfg = Debug|Any CPU
		{6ED977B2-8E7F-475D-B3AE-959C4344F45E}.Debug|Any CPU.Build.0 = Debug|Any CPU
		{6ED977B2-8E7F-475D-B3AE-959C4344F45E}.Release|Any CPU.ActiveCfg = Release|Any CPU
		{6ED977B2-8E7F-475D-B3AE-959C4344F45E}.Release|Any CPU.Build.0 = Release|Any CPU
	EndGlobalSection
	GlobalSection(SolutionProperties) = preSolution
		HideSolutionNode = FALSE
	EndGlobalSection
EndGlobal
