
Microsoft Visual Studio Solution File, Format Version 12.00
# Visual Studio 15
VisualStudioVersion = 15.0.26228.12
MinimumVisualStudioVersion = 10.0.40219.1
Project("{FAE04EC0-301F-11D3-BF4B-00C04F79EFBC}") = "DoLess.Bindings.Pcl", "DoLess.Bindings.Pcl\DoLess.Bindings.Pcl.csproj", "{60164BDF-59BF-4648-9561-0B798882AE5F}"
EndProject
Project("{D954291E-2A0B-460D-934E-DC6B0785DB48}") = "DoLess.Bindings.Shared", "DoLess.Bindings.Shared\DoLess.Bindings.Shared.shproj", "{F0B6402C-AA96-413E-B8F2-3E03BCC4C415}"
EndProject
Project("{FAE04EC0-301F-11D3-BF4B-00C04F79EFBC}") = "DoLess.Bindings.NetStandard", "DoLess.Bindings.NetStandard\DoLess.Bindings.NetStandard.csproj", "{6ED977B2-8E7F-475D-B3AE-959C4344F45E}"
EndProject
Project("{FAE04EC0-301F-11D3-BF4B-00C04F79EFBC}") = "DoLess.Bindings.Droid", "DoLess.Bindings.Droid\DoLess.Bindings.Droid.csproj", "{3B656D99-3388-4632-8557-3065FD164F02}"
EndProject
Project("{2150E333-8FDC-42A3-9474-1A3956D46DE8}") = "Tests", "Tests", "{336506D2-0BC4-4330-97B0-FDB8ACD5A736}"
EndProject
Project("{FAE04EC0-301F-11D3-BF4B-00C04F79EFBC}") = "DoLess.Bindings.Tests", "DoLess.Bindings.Tests\DoLess.Bindings.Tests.csproj", "{E5264ABC-6BBD-4AAF-AF76-128FCEF1E34F}"
EndProject
Project("{2150E333-8FDC-42A3-9474-1A3956D46DE8}") = "Samples", "Samples", "{683CB9FF-6627-4317-9D06-EBA1359F1ED9}"
EndProject
Project("{FAE04EC0-301F-11D3-BF4B-00C04F79EFBC}") = "DoLess.Bindings.Sample.Droid", "Samples\DoLess.Bindings.Sample.Droid\DoLess.Bindings.Sample.Droid.csproj", "{CE7A3CE3-55A3-4EA9-A6FF-05CA19F5D633}"
EndProject
Project("{FAE04EC0-301F-11D3-BF4B-00C04F79EFBC}") = "DoLess.Bindings.Sample.iOS", "Samples\DoLess.Bindings.Sample.iOS\DoLess.Bindings.Sample.iOS.csproj", "{9413F087-55BD-4362-BF2B-2DBC634137B0}"
EndProject
Project("{FAE04EC0-301F-11D3-BF4B-00C04F79EFBC}") = "DoLess.Bindings.Sample.ViewModels", "Samples\DoLess.Bindings.Sample.ViewModels\DoLess.Bindings.Sample.ViewModels.csproj", "{5B5E0FEB-6A58-4F3F-9AE2-CAAAD9096779}"
EndProject
Global
	GlobalSection(SharedMSBuildProjectFiles) = preSolution
		DoLess.Bindings.Shared\DoLess.Bindings.Shared.projitems*{3b656d99-3388-4632-8557-3065fd164f02}*SharedItemsImports = 4
		DoLess.Bindings.Shared\DoLess.Bindings.Shared.projitems*{60164bdf-59bf-4648-9561-0b798882ae5f}*SharedItemsImports = 4
		DoLess.Bindings.Shared\DoLess.Bindings.Shared.projitems*{f0b6402c-aa96-413e-b8f2-3e03bcc4c415}*SharedItemsImports = 13
	EndGlobalSection
	GlobalSection(SolutionConfigurationPlatforms) = preSolution
		Ad-Hoc|Any CPU = Ad-Hoc|Any CPU
		Ad-Hoc|iPhone = Ad-Hoc|iPhone
		Ad-Hoc|iPhoneSimulator = Ad-Hoc|iPhoneSimulator
		AppStore|Any CPU = AppStore|Any CPU
		AppStore|iPhone = AppStore|iPhone
		AppStore|iPhoneSimulator = AppStore|iPhoneSimulator
		Debug|Any CPU = Debug|Any CPU
		Debug|iPhone = Debug|iPhone
		Debug|iPhoneSimulator = Debug|iPhoneSimulator
		Release|Any CPU = Release|Any CPU
		Release|iPhone = Release|iPhone
		Release|iPhoneSimulator = Release|iPhoneSimulator
	EndGlobalSection
	GlobalSection(ProjectConfigurationPlatforms) = postSolution
		{60164BDF-59BF-4648-9561-0B798882AE5F}.Ad-Hoc|Any CPU.ActiveCfg = Release|Any CPU
		{60164BDF-59BF-4648-9561-0B798882AE5F}.Ad-Hoc|Any CPU.Build.0 = Release|Any CPU
		{60164BDF-59BF-4648-9561-0B798882AE5F}.Ad-Hoc|iPhone.ActiveCfg = Release|Any CPU
		{60164BDF-59BF-4648-9561-0B798882AE5F}.Ad-Hoc|iPhone.Build.0 = Release|Any CPU
		{60164BDF-59BF-4648-9561-0B798882AE5F}.Ad-Hoc|iPhoneSimulator.ActiveCfg = Release|Any CPU
		{60164BDF-59BF-4648-9561-0B798882AE5F}.Ad-Hoc|iPhoneSimulator.Build.0 = Release|Any CPU
		{60164BDF-59BF-4648-9561-0B798882AE5F}.AppStore|Any CPU.ActiveCfg = Release|Any CPU
		{60164BDF-59BF-4648-9561-0B798882AE5F}.AppStore|Any CPU.Build.0 = Release|Any CPU
		{60164BDF-59BF-4648-9561-0B798882AE5F}.AppStore|iPhone.ActiveCfg = Release|Any CPU
		{60164BDF-59BF-4648-9561-0B798882AE5F}.AppStore|iPhone.Build.0 = Release|Any CPU
		{60164BDF-59BF-4648-9561-0B798882AE5F}.AppStore|iPhoneSimulator.ActiveCfg = Release|Any CPU
		{60164BDF-59BF-4648-9561-0B798882AE5F}.AppStore|iPhoneSimulator.Build.0 = Release|Any CPU
		{60164BDF-59BF-4648-9561-0B798882AE5F}.Debug|Any CPU.ActiveCfg = Debug|Any CPU
		{60164BDF-59BF-4648-9561-0B798882AE5F}.Debug|Any CPU.Build.0 = Debug|Any CPU
		{60164BDF-59BF-4648-9561-0B798882AE5F}.Debug|iPhone.ActiveCfg = Debug|Any CPU
		{60164BDF-59BF-4648-9561-0B798882AE5F}.Debug|iPhone.Build.0 = Debug|Any CPU
		{60164BDF-59BF-4648-9561-0B798882AE5F}.Debug|iPhoneSimulator.ActiveCfg = Debug|Any CPU
		{60164BDF-59BF-4648-9561-0B798882AE5F}.Debug|iPhoneSimulator.Build.0 = Debug|Any CPU
		{60164BDF-59BF-4648-9561-0B798882AE5F}.Release|Any CPU.ActiveCfg = Release|Any CPU
		{60164BDF-59BF-4648-9561-0B798882AE5F}.Release|Any CPU.Build.0 = Release|Any CPU
		{60164BDF-59BF-4648-9561-0B798882AE5F}.Release|iPhone.ActiveCfg = Release|Any CPU
		{60164BDF-59BF-4648-9561-0B798882AE5F}.Release|iPhone.Build.0 = Release|Any CPU
		{60164BDF-59BF-4648-9561-0B798882AE5F}.Release|iPhoneSimulator.ActiveCfg = Release|Any CPU
		{60164BDF-59BF-4648-9561-0B798882AE5F}.Release|iPhoneSimulator.Build.0 = Release|Any CPU
		{6ED977B2-8E7F-475D-B3AE-959C4344F45E}.Ad-Hoc|Any CPU.ActiveCfg = Release|Any CPU
		{6ED977B2-8E7F-475D-B3AE-959C4344F45E}.Ad-Hoc|Any CPU.Build.0 = Release|Any CPU
		{6ED977B2-8E7F-475D-B3AE-959C4344F45E}.Ad-Hoc|iPhone.ActiveCfg = Release|Any CPU
		{6ED977B2-8E7F-475D-B3AE-959C4344F45E}.Ad-Hoc|iPhone.Build.0 = Release|Any CPU
		{6ED977B2-8E7F-475D-B3AE-959C4344F45E}.Ad-Hoc|iPhoneSimulator.ActiveCfg = Release|Any CPU
		{6ED977B2-8E7F-475D-B3AE-959C4344F45E}.Ad-Hoc|iPhoneSimulator.Build.0 = Release|Any CPU
		{6ED977B2-8E7F-475D-B3AE-959C4344F45E}.AppStore|Any CPU.ActiveCfg = Release|Any CPU
		{6ED977B2-8E7F-475D-B3AE-959C4344F45E}.AppStore|Any CPU.Build.0 = Release|Any CPU
		{6ED977B2-8E7F-475D-B3AE-959C4344F45E}.AppStore|iPhone.ActiveCfg = Release|Any CPU
		{6ED977B2-8E7F-475D-B3AE-959C4344F45E}.AppStore|iPhone.Build.0 = Release|Any CPU
		{6ED977B2-8E7F-475D-B3AE-959C4344F45E}.AppStore|iPhoneSimulator.ActiveCfg = Release|Any CPU
		{6ED977B2-8E7F-475D-B3AE-959C4344F45E}.AppStore|iPhoneSimulator.Build.0 = Release|Any CPU
		{6ED977B2-8E7F-475D-B3AE-959C4344F45E}.Debug|Any CPU.ActiveCfg = Debug|Any CPU
		{6ED977B2-8E7F-475D-B3AE-959C4344F45E}.Debug|Any CPU.Build.0 = Debug|Any CPU
		{6ED977B2-8E7F-475D-B3AE-959C4344F45E}.Debug|iPhone.ActiveCfg = Debug|Any CPU
		{6ED977B2-8E7F-475D-B3AE-959C4344F45E}.Debug|iPhone.Build.0 = Debug|Any CPU
		{6ED977B2-8E7F-475D-B3AE-959C4344F45E}.Debug|iPhoneSimulator.ActiveCfg = Debug|Any CPU
		{6ED977B2-8E7F-475D-B3AE-959C4344F45E}.Debug|iPhoneSimulator.Build.0 = Debug|Any CPU
		{6ED977B2-8E7F-475D-B3AE-959C4344F45E}.Release|Any CPU.ActiveCfg = Release|Any CPU
		{6ED977B2-8E7F-475D-B3AE-959C4344F45E}.Release|Any CPU.Build.0 = Release|Any CPU
		{6ED977B2-8E7F-475D-B3AE-959C4344F45E}.Release|iPhone.ActiveCfg = Release|Any CPU
		{6ED977B2-8E7F-475D-B3AE-959C4344F45E}.Release|iPhone.Build.0 = Release|Any CPU
		{6ED977B2-8E7F-475D-B3AE-959C4344F45E}.Release|iPhoneSimulator.ActiveCfg = Release|Any CPU
		{6ED977B2-8E7F-475D-B3AE-959C4344F45E}.Release|iPhoneSimulator.Build.0 = Release|Any CPU
		{3B656D99-3388-4632-8557-3065FD164F02}.Ad-Hoc|Any CPU.ActiveCfg = Release|Any CPU
		{3B656D99-3388-4632-8557-3065FD164F02}.Ad-Hoc|Any CPU.Build.0 = Release|Any CPU
		{3B656D99-3388-4632-8557-3065FD164F02}.Ad-Hoc|iPhone.ActiveCfg = Release|Any CPU
		{3B656D99-3388-4632-8557-3065FD164F02}.Ad-Hoc|iPhone.Build.0 = Release|Any CPU
		{3B656D99-3388-4632-8557-3065FD164F02}.Ad-Hoc|iPhoneSimulator.ActiveCfg = Release|Any CPU
		{3B656D99-3388-4632-8557-3065FD164F02}.Ad-Hoc|iPhoneSimulator.Build.0 = Release|Any CPU
		{3B656D99-3388-4632-8557-3065FD164F02}.AppStore|Any CPU.ActiveCfg = Release|Any CPU
		{3B656D99-3388-4632-8557-3065FD164F02}.AppStore|Any CPU.Build.0 = Release|Any CPU
		{3B656D99-3388-4632-8557-3065FD164F02}.AppStore|iPhone.ActiveCfg = Release|Any CPU
		{3B656D99-3388-4632-8557-3065FD164F02}.AppStore|iPhone.Build.0 = Release|Any CPU
		{3B656D99-3388-4632-8557-3065FD164F02}.AppStore|iPhoneSimulator.ActiveCfg = Release|Any CPU
		{3B656D99-3388-4632-8557-3065FD164F02}.AppStore|iPhoneSimulator.Build.0 = Release|Any CPU
		{3B656D99-3388-4632-8557-3065FD164F02}.Debug|Any CPU.ActiveCfg = Debug|Any CPU
		{3B656D99-3388-4632-8557-3065FD164F02}.Debug|Any CPU.Build.0 = Debug|Any CPU
		{3B656D99-3388-4632-8557-3065FD164F02}.Debug|iPhone.ActiveCfg = Debug|Any CPU
		{3B656D99-3388-4632-8557-3065FD164F02}.Debug|iPhone.Build.0 = Debug|Any CPU
		{3B656D99-3388-4632-8557-3065FD164F02}.Debug|iPhoneSimulator.ActiveCfg = Debug|Any CPU
		{3B656D99-3388-4632-8557-3065FD164F02}.Debug|iPhoneSimulator.Build.0 = Debug|Any CPU
		{3B656D99-3388-4632-8557-3065FD164F02}.Release|Any CPU.ActiveCfg = Release|Any CPU
		{3B656D99-3388-4632-8557-3065FD164F02}.Release|Any CPU.Build.0 = Release|Any CPU
		{3B656D99-3388-4632-8557-3065FD164F02}.Release|iPhone.ActiveCfg = Release|Any CPU
		{3B656D99-3388-4632-8557-3065FD164F02}.Release|iPhone.Build.0 = Release|Any CPU
		{3B656D99-3388-4632-8557-3065FD164F02}.Release|iPhoneSimulator.ActiveCfg = Release|Any CPU
		{3B656D99-3388-4632-8557-3065FD164F02}.Release|iPhoneSimulator.Build.0 = Release|Any CPU
		{E5264ABC-6BBD-4AAF-AF76-128FCEF1E34F}.Ad-Hoc|Any CPU.ActiveCfg = Release|Any CPU
		{E5264ABC-6BBD-4AAF-AF76-128FCEF1E34F}.Ad-Hoc|Any CPU.Build.0 = Release|Any CPU
		{E5264ABC-6BBD-4AAF-AF76-128FCEF1E34F}.Ad-Hoc|iPhone.ActiveCfg = Release|Any CPU
		{E5264ABC-6BBD-4AAF-AF76-128FCEF1E34F}.Ad-Hoc|iPhone.Build.0 = Release|Any CPU
		{E5264ABC-6BBD-4AAF-AF76-128FCEF1E34F}.Ad-Hoc|iPhoneSimulator.ActiveCfg = Release|Any CPU
		{E5264ABC-6BBD-4AAF-AF76-128FCEF1E34F}.Ad-Hoc|iPhoneSimulator.Build.0 = Release|Any CPU
		{E5264ABC-6BBD-4AAF-AF76-128FCEF1E34F}.AppStore|Any CPU.ActiveCfg = Release|Any CPU
		{E5264ABC-6BBD-4AAF-AF76-128FCEF1E34F}.AppStore|Any CPU.Build.0 = Release|Any CPU
		{E5264ABC-6BBD-4AAF-AF76-128FCEF1E34F}.AppStore|iPhone.ActiveCfg = Release|Any CPU
		{E5264ABC-6BBD-4AAF-AF76-128FCEF1E34F}.AppStore|iPhone.Build.0 = Release|Any CPU
		{E5264ABC-6BBD-4AAF-AF76-128FCEF1E34F}.AppStore|iPhoneSimulator.ActiveCfg = Release|Any CPU
		{E5264ABC-6BBD-4AAF-AF76-128FCEF1E34F}.AppStore|iPhoneSimulator.Build.0 = Release|Any CPU
		{E5264ABC-6BBD-4AAF-AF76-128FCEF1E34F}.Debug|Any CPU.ActiveCfg = Debug|Any CPU
		{E5264ABC-6BBD-4AAF-AF76-128FCEF1E34F}.Debug|Any CPU.Build.0 = Debug|Any CPU
		{E5264ABC-6BBD-4AAF-AF76-128FCEF1E34F}.Debug|iPhone.ActiveCfg = Debug|Any CPU
		{E5264ABC-6BBD-4AAF-AF76-128FCEF1E34F}.Debug|iPhone.Build.0 = Debug|Any CPU
		{E5264ABC-6BBD-4AAF-AF76-128FCEF1E34F}.Debug|iPhoneSimulator.ActiveCfg = Debug|Any CPU
		{E5264ABC-6BBD-4AAF-AF76-128FCEF1E34F}.Debug|iPhoneSimulator.Build.0 = Debug|Any CPU
		{E5264ABC-6BBD-4AAF-AF76-128FCEF1E34F}.Release|Any CPU.ActiveCfg = Release|Any CPU
		{E5264ABC-6BBD-4AAF-AF76-128FCEF1E34F}.Release|Any CPU.Build.0 = Release|Any CPU
		{E5264ABC-6BBD-4AAF-AF76-128FCEF1E34F}.Release|iPhone.ActiveCfg = Release|Any CPU
		{E5264ABC-6BBD-4AAF-AF76-128FCEF1E34F}.Release|iPhone.Build.0 = Release|Any CPU
		{E5264ABC-6BBD-4AAF-AF76-128FCEF1E34F}.Release|iPhoneSimulator.ActiveCfg = Release|Any CPU
		{E5264ABC-6BBD-4AAF-AF76-128FCEF1E34F}.Release|iPhoneSimulator.Build.0 = Release|Any CPU
		{CE7A3CE3-55A3-4EA9-A6FF-05CA19F5D633}.Ad-Hoc|Any CPU.ActiveCfg = Release|Any CPU
		{CE7A3CE3-55A3-4EA9-A6FF-05CA19F5D633}.Ad-Hoc|Any CPU.Build.0 = Release|Any CPU
		{CE7A3CE3-55A3-4EA9-A6FF-05CA19F5D633}.Ad-Hoc|Any CPU.Deploy.0 = Release|Any CPU
		{CE7A3CE3-55A3-4EA9-A6FF-05CA19F5D633}.Ad-Hoc|iPhone.ActiveCfg = Release|Any CPU
		{CE7A3CE3-55A3-4EA9-A6FF-05CA19F5D633}.Ad-Hoc|iPhone.Build.0 = Release|Any CPU
		{CE7A3CE3-55A3-4EA9-A6FF-05CA19F5D633}.Ad-Hoc|iPhone.Deploy.0 = Release|Any CPU
		{CE7A3CE3-55A3-4EA9-A6FF-05CA19F5D633}.Ad-Hoc|iPhoneSimulator.ActiveCfg = Release|Any CPU
		{CE7A3CE3-55A3-4EA9-A6FF-05CA19F5D633}.Ad-Hoc|iPhoneSimulator.Build.0 = Release|Any CPU
		{CE7A3CE3-55A3-4EA9-A6FF-05CA19F5D633}.Ad-Hoc|iPhoneSimulator.Deploy.0 = Release|Any CPU
		{CE7A3CE3-55A3-4EA9-A6FF-05CA19F5D633}.AppStore|Any CPU.ActiveCfg = Release|Any CPU
		{CE7A3CE3-55A3-4EA9-A6FF-05CA19F5D633}.AppStore|Any CPU.Build.0 = Release|Any CPU
		{CE7A3CE3-55A3-4EA9-A6FF-05CA19F5D633}.AppStore|Any CPU.Deploy.0 = Release|Any CPU
		{CE7A3CE3-55A3-4EA9-A6FF-05CA19F5D633}.AppStore|iPhone.ActiveCfg = Release|Any CPU
		{CE7A3CE3-55A3-4EA9-A6FF-05CA19F5D633}.AppStore|iPhone.Build.0 = Release|Any CPU
		{CE7A3CE3-55A3-4EA9-A6FF-05CA19F5D633}.AppStore|iPhone.Deploy.0 = Release|Any CPU
		{CE7A3CE3-55A3-4EA9-A6FF-05CA19F5D633}.AppStore|iPhoneSimulator.ActiveCfg = Release|Any CPU
		{CE7A3CE3-55A3-4EA9-A6FF-05CA19F5D633}.AppStore|iPhoneSimulator.Build.0 = Release|Any CPU
		{CE7A3CE3-55A3-4EA9-A6FF-05CA19F5D633}.AppStore|iPhoneSimulator.Deploy.0 = Release|Any CPU
		{CE7A3CE3-55A3-4EA9-A6FF-05CA19F5D633}.Debug|Any CPU.ActiveCfg = Debug|Any CPU
		{CE7A3CE3-55A3-4EA9-A6FF-05CA19F5D633}.Debug|Any CPU.Build.0 = Debug|Any CPU
		{CE7A3CE3-55A3-4EA9-A6FF-05CA19F5D633}.Debug|Any CPU.Deploy.0 = Debug|Any CPU
		{CE7A3CE3-55A3-4EA9-A6FF-05CA19F5D633}.Debug|iPhone.ActiveCfg = Debug|Any CPU
		{CE7A3CE3-55A3-4EA9-A6FF-05CA19F5D633}.Debug|iPhone.Build.0 = Debug|Any CPU
		{CE7A3CE3-55A3-4EA9-A6FF-05CA19F5D633}.Debug|iPhone.Deploy.0 = Debug|Any CPU
		{CE7A3CE3-55A3-4EA9-A6FF-05CA19F5D633}.Debug|iPhoneSimulator.ActiveCfg = Debug|Any CPU
		{CE7A3CE3-55A3-4EA9-A6FF-05CA19F5D633}.Debug|iPhoneSimulator.Build.0 = Debug|Any CPU
		{CE7A3CE3-55A3-4EA9-A6FF-05CA19F5D633}.Debug|iPhoneSimulator.Deploy.0 = Debug|Any CPU
		{CE7A3CE3-55A3-4EA9-A6FF-05CA19F5D633}.Release|Any CPU.ActiveCfg = Release|Any CPU
		{CE7A3CE3-55A3-4EA9-A6FF-05CA19F5D633}.Release|Any CPU.Build.0 = Release|Any CPU
		{CE7A3CE3-55A3-4EA9-A6FF-05CA19F5D633}.Release|Any CPU.Deploy.0 = Release|Any CPU
		{CE7A3CE3-55A3-4EA9-A6FF-05CA19F5D633}.Release|iPhone.ActiveCfg = Release|Any CPU
		{CE7A3CE3-55A3-4EA9-A6FF-05CA19F5D633}.Release|iPhone.Build.0 = Release|Any CPU
		{CE7A3CE3-55A3-4EA9-A6FF-05CA19F5D633}.Release|iPhone.Deploy.0 = Release|Any CPU
		{CE7A3CE3-55A3-4EA9-A6FF-05CA19F5D633}.Release|iPhoneSimulator.ActiveCfg = Release|Any CPU
		{CE7A3CE3-55A3-4EA9-A6FF-05CA19F5D633}.Release|iPhoneSimulator.Build.0 = Release|Any CPU
		{CE7A3CE3-55A3-4EA9-A6FF-05CA19F5D633}.Release|iPhoneSimulator.Deploy.0 = Release|Any CPU
		{9413F087-55BD-4362-BF2B-2DBC634137B0}.Ad-Hoc|Any CPU.ActiveCfg = Ad-Hoc|iPhone
		{9413F087-55BD-4362-BF2B-2DBC634137B0}.Ad-Hoc|iPhone.ActiveCfg = Ad-Hoc|iPhone
		{9413F087-55BD-4362-BF2B-2DBC634137B0}.Ad-Hoc|iPhone.Build.0 = Ad-Hoc|iPhone
		{9413F087-55BD-4362-BF2B-2DBC634137B0}.Ad-Hoc|iPhoneSimulator.ActiveCfg = Ad-Hoc|iPhoneSimulator
		{9413F087-55BD-4362-BF2B-2DBC634137B0}.Ad-Hoc|iPhoneSimulator.Build.0 = Ad-Hoc|iPhoneSimulator
		{9413F087-55BD-4362-BF2B-2DBC634137B0}.AppStore|Any CPU.ActiveCfg = AppStore|iPhone
		{9413F087-55BD-4362-BF2B-2DBC634137B0}.AppStore|iPhone.ActiveCfg = AppStore|iPhone
		{9413F087-55BD-4362-BF2B-2DBC634137B0}.AppStore|iPhone.Build.0 = AppStore|iPhone
		{9413F087-55BD-4362-BF2B-2DBC634137B0}.AppStore|iPhoneSimulator.ActiveCfg = AppStore|iPhoneSimulator
		{9413F087-55BD-4362-BF2B-2DBC634137B0}.AppStore|iPhoneSimulator.Build.0 = AppStore|iPhoneSimulator
		{9413F087-55BD-4362-BF2B-2DBC634137B0}.Debug|Any CPU.ActiveCfg = Debug|iPhone
		{9413F087-55BD-4362-BF2B-2DBC634137B0}.Debug|iPhone.ActiveCfg = Debug|iPhone
		{9413F087-55BD-4362-BF2B-2DBC634137B0}.Debug|iPhone.Build.0 = Debug|iPhone
		{9413F087-55BD-4362-BF2B-2DBC634137B0}.Debug|iPhoneSimulator.ActiveCfg = Debug|iPhoneSimulator
		{9413F087-55BD-4362-BF2B-2DBC634137B0}.Debug|iPhoneSimulator.Build.0 = Debug|iPhoneSimulator
		{9413F087-55BD-4362-BF2B-2DBC634137B0}.Release|Any CPU.ActiveCfg = Release|iPhone
		{9413F087-55BD-4362-BF2B-2DBC634137B0}.Release|iPhone.ActiveCfg = Release|iPhone
		{9413F087-55BD-4362-BF2B-2DBC634137B0}.Release|iPhone.Build.0 = Release|iPhone
		{9413F087-55BD-4362-BF2B-2DBC634137B0}.Release|iPhoneSimulator.ActiveCfg = Release|iPhoneSimulator
		{9413F087-55BD-4362-BF2B-2DBC634137B0}.Release|iPhoneSimulator.Build.0 = Release|iPhoneSimulator
		{5B5E0FEB-6A58-4F3F-9AE2-CAAAD9096779}.Ad-Hoc|Any CPU.ActiveCfg = Release|Any CPU
		{5B5E0FEB-6A58-4F3F-9AE2-CAAAD9096779}.Ad-Hoc|Any CPU.Build.0 = Release|Any CPU
		{5B5E0FEB-6A58-4F3F-9AE2-CAAAD9096779}.Ad-Hoc|iPhone.ActiveCfg = Release|Any CPU
		{5B5E0FEB-6A58-4F3F-9AE2-CAAAD9096779}.Ad-Hoc|iPhone.Build.0 = Release|Any CPU
		{5B5E0FEB-6A58-4F3F-9AE2-CAAAD9096779}.Ad-Hoc|iPhoneSimulator.ActiveCfg = Release|Any CPU
		{5B5E0FEB-6A58-4F3F-9AE2-CAAAD9096779}.Ad-Hoc|iPhoneSimulator.Build.0 = Release|Any CPU
		{5B5E0FEB-6A58-4F3F-9AE2-CAAAD9096779}.AppStore|Any CPU.ActiveCfg = Release|Any CPU
		{5B5E0FEB-6A58-4F3F-9AE2-CAAAD9096779}.AppStore|Any CPU.Build.0 = Release|Any CPU
		{5B5E0FEB-6A58-4F3F-9AE2-CAAAD9096779}.AppStore|iPhone.ActiveCfg = Release|Any CPU
		{5B5E0FEB-6A58-4F3F-9AE2-CAAAD9096779}.AppStore|iPhone.Build.0 = Release|Any CPU
		{5B5E0FEB-6A58-4F3F-9AE2-CAAAD9096779}.AppStore|iPhoneSimulator.ActiveCfg = Release|Any CPU
		{5B5E0FEB-6A58-4F3F-9AE2-CAAAD9096779}.AppStore|iPhoneSimulator.Build.0 = Release|Any CPU
		{5B5E0FEB-6A58-4F3F-9AE2-CAAAD9096779}.Debug|Any CPU.ActiveCfg = Debug|Any CPU
		{5B5E0FEB-6A58-4F3F-9AE2-CAAAD9096779}.Debug|Any CPU.Build.0 = Debug|Any CPU
		{5B5E0FEB-6A58-4F3F-9AE2-CAAAD9096779}.Debug|iPhone.ActiveCfg = Debug|Any CPU
		{5B5E0FEB-6A58-4F3F-9AE2-CAAAD9096779}.Debug|iPhone.Build.0 = Debug|Any CPU
		{5B5E0FEB-6A58-4F3F-9AE2-CAAAD9096779}.Debug|iPhoneSimulator.ActiveCfg = Debug|Any CPU
		{5B5E0FEB-6A58-4F3F-9AE2-CAAAD9096779}.Debug|iPhoneSimulator.Build.0 = Debug|Any CPU
		{5B5E0FEB-6A58-4F3F-9AE2-CAAAD9096779}.Release|Any CPU.ActiveCfg = Release|Any CPU
		{5B5E0FEB-6A58-4F3F-9AE2-CAAAD9096779}.Release|Any CPU.Build.0 = Release|Any CPU
		{5B5E0FEB-6A58-4F3F-9AE2-CAAAD9096779}.Release|iPhone.ActiveCfg = Release|Any CPU
		{5B5E0FEB-6A58-4F3F-9AE2-CAAAD9096779}.Release|iPhone.Build.0 = Release|Any CPU
		{5B5E0FEB-6A58-4F3F-9AE2-CAAAD9096779}.Release|iPhoneSimulator.ActiveCfg = Release|Any CPU
		{5B5E0FEB-6A58-4F3F-9AE2-CAAAD9096779}.Release|iPhoneSimulator.Build.0 = Release|Any CPU
	EndGlobalSection
	GlobalSection(SolutionProperties) = preSolution
		HideSolutionNode = FALSE
	EndGlobalSection
	GlobalSection(NestedProjects) = preSolution
		{E5264ABC-6BBD-4AAF-AF76-128FCEF1E34F} = {336506D2-0BC4-4330-97B0-FDB8ACD5A736}
		{CE7A3CE3-55A3-4EA9-A6FF-05CA19F5D633} = {683CB9FF-6627-4317-9D06-EBA1359F1ED9}
		{9413F087-55BD-4362-BF2B-2DBC634137B0} = {683CB9FF-6627-4317-9D06-EBA1359F1ED9}
		{5B5E0FEB-6A58-4F3F-9AE2-CAAAD9096779} = {683CB9FF-6627-4317-9D06-EBA1359F1ED9}
	EndGlobalSection
EndGlobal
